
Microsoft Visual Studio Solution File, Format Version 12.00
# Visual Studio Version 17
VisualStudioVersion = 17.11.35303.130
MinimumVisualStudioVersion = 10.0.40219.1
Project("{FAE04EC0-301F-11D3-BF4B-00C04F79EFBC}") = "WebApplication3", "WebApplication3\WebApplication3.csproj", "{A0160013-771C-4412-88AE-C8245CC04FC7}"
EndProject
Global
	GlobalSection(SolutionConfigurationPlatforms) = preSolution
		Debug|Any CPU = Debug|Any CPU
		Release|Any CPU = Release|Any CPU
	EndGlobalSection
	GlobalSection(ProjectConfigurationPlatforms) = postSolution
		{A0160013-771C-4412-88AE-C8245CC04FC7}.Debug|Any CPU.ActiveCfg = Debug|Any CPU
		{A0160013-771C-4412-88AE-C8245CC04FC7}.Debug|Any CPU.Build.0 = Debug|Any CPU
		{A0160013-771C-4412-88AE-C8245CC04FC7}.Release|Any CPU.ActiveCfg = Release|Any CPU
		{A0160013-771C-4412-88AE-C8245CC04FC7}.Release|Any CPU.Build.0 = Release|Any CPU
	EndGlobalSection
	GlobalSection(SolutionProperties) = preSolution
		HideSolutionNode = FALSE
	EndGlobalSection
	GlobalSection(ExtensibilityGlobals) = postSolution
		SolutionGuid = {354B0EDA-900B-446D-BB3F-DDFB8A6A1887}
	EndGlobalSection
EndGlobal
